// !$*UTF8*$!
{
	archiveVersion = 1;
	classes = {
	};
	objectVersion = 77;
	objects = {

/* Begin PBXContainerItemProxy section */
		A14ED60E2D76553500EB52B8 /* PBXContainerItemProxy */ = {
			isa = PBXContainerItemProxy;
			containerPortal = A14ED5F52D76553400EB52B8 /* Project object */;
			proxyType = 1;
			remoteGlobalIDString = A14ED5FC2D76553400EB52B8;
			remoteInfo = SwiftyDiaryDemo;
		};
		A14ED6182D76553500EB52B8 /* PBXContainerItemProxy */ = {
			isa = PBXContainerItemProxy;
			containerPortal = A14ED5F52D76553400EB52B8 /* Project object */;
			proxyType = 1;
			remoteGlobalIDString = A14ED5FC2D76553400EB52B8;
			remoteInfo = SwiftyDiaryDemo;
		};
/* End PBXContainerItemProxy section */

/* Begin PBXFileReference section */
		A14ED5FD2D76553400EB52B8 /* SwiftyDiaryDemo.app */ = {isa = PBXFileReference; explicitFileType = wrapper.application; includeInIndex = 0; path = SwiftyDiaryDemo.app; sourceTree = BUILT_PRODUCTS_DIR; };
		A14ED60D2D76553500EB52B8 /* SwiftyDiaryDemoTests.xctest */ = {isa = PBXFileReference; explicitFileType = wrapper.cfbundle; includeInIndex = 0; path = SwiftyDiaryDemoTests.xctest; sourceTree = BUILT_PRODUCTS_DIR; };
		A14ED6172D76553500EB52B8 /* SwiftyDiaryDemoUITests.xctest */ = {isa = PBXFileReference; explicitFileType = wrapper.cfbundle; includeInIndex = 0; path = SwiftyDiaryDemoUITests.xctest; sourceTree = BUILT_PRODUCTS_DIR; };
/* End PBXFileReference section */

/* Begin PBXFileSystemSynchronizedRootGroup section */
		A14ED5FF2D76553400EB52B8 /* SwiftyDiaryDemo */ = {
			isa = PBXFileSystemSynchronizedRootGroup;
			path = SwiftyDiaryDemo;
			sourceTree = "<group>";
		};
		A14ED6102D76553500EB52B8 /* SwiftyDiaryDemoTests */ = {
			isa = PBXFileSystemSynchronizedRootGroup;
			path = SwiftyDiaryDemoTests;
			sourceTree = "<group>";
		};
		A14ED61A2D76553500EB52B8 /* SwiftyDiaryDemoUITests */ = {
			isa = PBXFileSystemSynchronizedRootGroup;
			path = SwiftyDiaryDemoUITests;
			sourceTree = "<group>";
		};
/* End PBXFileSystemSynchronizedRootGroup section */

/* Begin PBXFrameworksBuildPhase section */
		A14ED5FA2D76553400EB52B8 /* Frameworks */ = {
			isa = PBXFrameworksBuildPhase;
			buildActionMask = 2147483647;
			files = (
			);
			runOnlyForDeploymentPostprocessing = 0;
		};
		A14ED60A2D76553500EB52B8 /* Frameworks */ = {
			isa = PBXFrameworksBuildPhase;
			buildActionMask = 2147483647;
			files = (
			);
			runOnlyForDeploymentPostprocessing = 0;
		};
		A14ED6142D76553500EB52B8 /* Frameworks */ = {
			isa = PBXFrameworksBuildPhase;
			buildActionMask = 2147483647;
			files = (
			);
			runOnlyForDeploymentPostprocessing = 0;
		};
/* End PBXFrameworksBuildPhase section */

/* Begin PBXGroup section */
		A14ED5F42D76553400EB52B8 = {
			isa = PBXGroup;
			children = (
				A14ED5FF2D76553400EB52B8 /* SwiftyDiaryDemo */,
				A14ED6102D76553500EB52B8 /* SwiftyDiaryDemoTests */,
				A14ED61A2D76553500EB52B8 /* SwiftyDiaryDemoUITests */,
				A14ED5FE2D76553400EB52B8 /* Products */,
			);
			sourceTree = "<group>";
		};
		A14ED5FE2D76553400EB52B8 /* Products */ = {
			isa = PBXGroup;
			children = (
				A14ED5FD2D76553400EB52B8 /* SwiftyDiaryDemo.app */,
				A14ED60D2D76553500EB52B8 /* SwiftyDiaryDemoTests.xctest */,
				A14ED6172D76553500EB52B8 /* SwiftyDiaryDemoUITests.xctest */,
			);
			name = Products;
			sourceTree = "<group>";
		};
/* End PBXGroup section */

/* Begin PBXNativeTarget section */
		A14ED5FC2D76553400EB52B8 /* SwiftyDiaryDemo */ = {
			isa = PBXNativeTarget;
			buildConfigurationList = A14ED6212D76553500EB52B8 /* Build configuration list for PBXNativeTarget "SwiftyDiaryDemo" */;
			buildPhases = (
				A14ED5F92D76553400EB52B8 /* Sources */,
				A14ED5FA2D76553400EB52B8 /* Frameworks */,
				A14ED5FB2D76553400EB52B8 /* Resources */,
			);
			buildRules = (
			);
			dependencies = (
			);
			fileSystemSynchronizedGroups = (
				A14ED5FF2D76553400EB52B8 /* SwiftyDiaryDemo */,
			);
			name = SwiftyDiaryDemo;
			packageProductDependencies = (
			);
			productName = SwiftyDiaryDemo;
			productReference = A14ED5FD2D76553400EB52B8 /* SwiftyDiaryDemo.app */;
			productType = "com.apple.product-type.application";
		};
		A14ED60C2D76553500EB52B8 /* SwiftyDiaryDemoTests */ = {
			isa = PBXNativeTarget;
			buildConfigurationList = A14ED6242D76553500EB52B8 /* Build configuration list for PBXNativeTarget "SwiftyDiaryDemoTests" */;
			buildPhases = (
				A14ED6092D76553500EB52B8 /* Sources */,
				A14ED60A2D76553500EB52B8 /* Frameworks */,
				A14ED60B2D76553500EB52B8 /* Resources */,
			);
			buildRules = (
			);
			dependencies = (
				A14ED60F2D76553500EB52B8 /* PBXTargetDependency */,
			);
			fileSystemSynchronizedGroups = (
				A14ED6102D76553500EB52B8 /* SwiftyDiaryDemoTests */,
			);
			name = SwiftyDiaryDemoTests;
			packageProductDependencies = (
			);
			productName = SwiftyDiaryDemoTests;
			productReference = A14ED60D2D76553500EB52B8 /* SwiftyDiaryDemoTests.xctest */;
			productType = "com.apple.product-type.bundle.unit-test";
		};
		A14ED6162D76553500EB52B8 /* SwiftyDiaryDemoUITests */ = {
			isa = PBXNativeTarget;
			buildConfigurationList = A14ED6272D76553500EB52B8 /* Build configuration list for PBXNativeTarget "SwiftyDiaryDemoUITests" */;
			buildPhases = (
				A14ED6132D76553500EB52B8 /* Sources */,
				A14ED6142D76553500EB52B8 /* Frameworks */,
				A14ED6152D76553500EB52B8 /* Resources */,
			);
			buildRules = (
			);
			dependencies = (
				A14ED6192D76553500EB52B8 /* PBXTargetDependency */,
			);
			fileSystemSynchronizedGroups = (
				A14ED61A2D76553500EB52B8 /* SwiftyDiaryDemoUITests */,
			);
			name = SwiftyDiaryDemoUITests;
			packageProductDependencies = (
			);
			productName = SwiftyDiaryDemoUITests;
			productReference = A14ED6172D76553500EB52B8 /* SwiftyDiaryDemoUITests.xctest */;
			productType = "com.apple.product-type.bundle.ui-testing";
		};
/* End PBXNativeTarget section */

/* Begin PBXProject section */
		A14ED5F52D76553400EB52B8 /* Project object */ = {
			isa = PBXProject;
			attributes = {
				BuildIndependentTargetsInParallel = 1;
				LastSwiftUpdateCheck = 1620;
				LastUpgradeCheck = 1620;
				TargetAttributes = {
					A14ED5FC2D76553400EB52B8 = {
						CreatedOnToolsVersion = 16.2;
					};
					A14ED60C2D76553500EB52B8 = {
						CreatedOnToolsVersion = 16.2;
						TestTargetID = A14ED5FC2D76553400EB52B8;
					};
					A14ED6162D76553500EB52B8 = {
						CreatedOnToolsVersion = 16.2;
						TestTargetID = A14ED5FC2D76553400EB52B8;
					};
				};
			};
			buildConfigurationList = A14ED5F82D76553400EB52B8 /* Build configuration list for PBXProject "SwiftyDiaryDemo" */;
			developmentRegion = en;
			hasScannedForEncodings = 0;
			knownRegions = (
				en,
				Base,
			);
			mainGroup = A14ED5F42D76553400EB52B8;
			minimizedProjectReferenceProxies = 1;
			preferredProjectObjectVersion = 77;
			productRefGroup = A14ED5FE2D76553400EB52B8 /* Products */;
			projectDirPath = "";
			projectRoot = "";
			targets = (
				A14ED5FC2D76553400EB52B8 /* SwiftyDiaryDemo */,
				A14ED60C2D76553500EB52B8 /* SwiftyDiaryDemoTests */,
				A14ED6162D76553500EB52B8 /* SwiftyDiaryDemoUITests */,
			);
		};
/* End PBXProject section */

/* Begin PBXResourcesBuildPhase section */
		A14ED5FB2D76553400EB52B8 /* Resources */ = {
			isa = PBXResourcesBuildPhase;
			buildActionMask = 2147483647;
			files = (
			);
			runOnlyForDeploymentPostprocessing = 0;
		};
		A14ED60B2D76553500EB52B8 /* Resources */ = {
			isa = PBXResourcesBuildPhase;
			buildActionMask = 2147483647;
			files = (
			);
			runOnlyForDeploymentPostprocessing = 0;
		};
		A14ED6152D76553500EB52B8 /* Resources */ = {
			isa = PBXResourcesBuildPhase;
			buildActionMask = 2147483647;
			files = (
			);
			runOnlyForDeploymentPostprocessing = 0;
		};
/* End PBXResourcesBuildPhase section */

/* Begin PBXSourcesBuildPhase section */
		A14ED5F92D76553400EB52B8 /* Sources */ = {
			isa = PBXSourcesBuildPhase;
			buildActionMask = 2147483647;
			files = (
			);
			runOnlyForDeploymentPostprocessing = 0;
		};
		A14ED6092D76553500EB52B8 /* Sources */ = {
			isa = PBXSourcesBuildPhase;
			buildActionMask = 2147483647;
			files = (
			);
			runOnlyForDeploymentPostprocessing = 0;
		};
		A14ED6132D76553500EB52B8 /* Sources */ = {
			isa = PBXSourcesBuildPhase;
			buildActionMask = 2147483647;
			files = (
			);
			runOnlyForDeploymentPostprocessing = 0;
		};
/* End PBXSourcesBuildPhase section */

/* Begin PBXTargetDependency section */
		A14ED60F2D76553500EB52B8 /* PBXTargetDependency */ = {
			isa = PBXTargetDependency;
			target = A14ED5FC2D76553400EB52B8 /* SwiftyDiaryDemo */;
			targetProxy = A14ED60E2D76553500EB52B8 /* PBXContainerItemProxy */;
		};
		A14ED6192D76553500EB52B8 /* PBXTargetDependency */ = {
			isa = PBXTargetDependency;
			target = A14ED5FC2D76553400EB52B8 /* SwiftyDiaryDemo */;
			targetProxy = A14ED6182D76553500EB52B8 /* PBXContainerItemProxy */;
		};
/* End PBXTargetDependency section */

/* Begin XCBuildConfiguration section */
		A14ED61F2D76553500EB52B8 /* Debug */ = {
			isa = XCBuildConfiguration;
			buildSettings = {
				ALWAYS_SEARCH_USER_PATHS = NO;
				ASSETCATALOG_COMPILER_GENERATE_SWIFT_ASSET_SYMBOL_EXTENSIONS = YES;
				CLANG_ANALYZER_NONNULL = YES;
				CLANG_ANALYZER_NUMBER_OBJECT_CONVERSION = YES_AGGRESSIVE;
				CLANG_CXX_LANGUAGE_STANDARD = "gnu++20";
				CLANG_ENABLE_MODULES = YES;
				CLANG_ENABLE_OBJC_ARC = YES;
				CLANG_ENABLE_OBJC_WEAK = YES;
				CLANG_WARN_BLOCK_CAPTURE_AUTORELEASING = YES;
				CLANG_WARN_BOOL_CONVERSION = YES;
				CLANG_WARN_COMMA = YES;
				CLANG_WARN_CONSTANT_CONVERSION = YES;
				CLANG_WARN_DEPRECATED_OBJC_IMPLEMENTATIONS = YES;
				CLANG_WARN_DIRECT_OBJC_ISA_USAGE = YES_ERROR;
				CLANG_WARN_DOCUMENTATION_COMMENTS = YES;
				CLANG_WARN_EMPTY_BODY = YES;
				CLANG_WARN_ENUM_CONVERSION = YES;
				CLANG_WARN_INFINITE_RECURSION = YES;
				CLANG_WARN_INT_CONVERSION = YES;
				CLANG_WARN_NON_LITERAL_NULL_CONVERSION = YES;
				CLANG_WARN_OBJC_IMPLICIT_RETAIN_SELF = YES;
				CLANG_WARN_OBJC_LITERAL_CONVERSION = YES;
				CLANG_WARN_OBJC_ROOT_CLASS = YES_ERROR;
				CLANG_WARN_QUOTED_INCLUDE_IN_FRAMEWORK_HEADER = YES;
				CLANG_WARN_RANGE_LOOP_ANALYSIS = YES;
				CLANG_WARN_STRICT_PROTOTYPES = YES;
				CLANG_WARN_SUSPICIOUS_MOVE = YES;
				CLANG_WARN_UNGUARDED_AVAILABILITY = YES_AGGRESSIVE;
				CLANG_WARN_UNREACHABLE_CODE = YES;
				CLANG_WARN__DUPLICATE_METHOD_MATCH = YES;
				COPY_PHASE_STRIP = NO;
				DEBUG_INFORMATION_FORMAT = dwarf;
				ENABLE_STRICT_OBJC_MSGSEND = YES;
				ENABLE_TESTABILITY = YES;
				ENABLE_USER_SCRIPT_SANDBOXING = YES;
				GCC_C_LANGUAGE_STANDARD = gnu17;
				GCC_DYNAMIC_NO_PIC = NO;
				GCC_NO_COMMON_BLOCKS = YES;
				GCC_OPTIMIZATION_LEVEL = 0;
				GCC_PREPROCESSOR_DEFINITIONS = (
					"DEBUG=1",
					"$(inherited)",
				);
				GCC_WARN_64_TO_32_BIT_CONVERSION = YES;
				GCC_WARN_ABOUT_RETURN_TYPE = YES_ERROR;
				GCC_WARN_UNDECLARED_SELECTOR = YES;
				GCC_WARN_UNINITIALIZED_AUTOS = YES_AGGRESSIVE;
				GCC_WARN_UNUSED_FUNCTION = YES;
				GCC_WARN_UNUSED_VARIABLE = YES;
				IPHONEOS_DEPLOYMENT_TARGET = 18.2;
				LOCALIZATION_PREFERS_STRING_CATALOGS = YES;
				MTL_ENABLE_DEBUG_INFO = INCLUDE_SOURCE;
				MTL_FAST_MATH = YES;
				ONLY_ACTIVE_ARCH = YES;
				SDKROOT = iphoneos;
				SWIFT_ACTIVE_COMPILATION_CONDITIONS = "DEBUG $(inherited)";
				SWIFT_OPTIMIZATION_LEVEL = "-Onone";
			};
			name = Debug;
		};
		A14ED6202D76553500EB52B8 /* Release */ = {
			isa = XCBuildConfiguration;
			buildSettings = {
				ALWAYS_SEARCH_USER_PATHS = NO;
				ASSETCATALOG_COMPILER_GENERATE_SWIFT_ASSET_SYMBOL_EXTENSIONS = YES;
				CLANG_ANALYZER_NONNULL = YES;
				CLANG_ANALYZER_NUMBER_OBJECT_CONVERSION = YES_AGGRESSIVE;
				CLANG_CXX_LANGUAGE_STANDARD = "gnu++20";
				CLANG_ENABLE_MODULES = YES;
				CLANG_ENABLE_OBJC_ARC = YES;
				CLANG_ENABLE_OBJC_WEAK = YES;
				CLANG_WARN_BLOCK_CAPTURE_AUTORELEASING = YES;
				CLANG_WARN_BOOL_CONVERSION = YES;
				CLANG_WARN_COMMA = YES;
				CLANG_WARN_CONSTANT_CONVERSION = YES;
				CLANG_WARN_DEPRECATED_OBJC_IMPLEMENTATIONS = YES;
				CLANG_WARN_DIRECT_OBJC_ISA_USAGE = YES_ERROR;
				CLANG_WARN_DOCUMENTATION_COMMENTS = YES;
				CLANG_WARN_EMPTY_BODY = YES;
				CLANG_WARN_ENUM_CONVERSION = YES;
				CLANG_WARN_INFINITE_RECURSION = YES;
				CLANG_WARN_INT_CONVERSION = YES;
				CLANG_WARN_NON_LITERAL_NULL_CONVERSION = YES;
				CLANG_WARN_OBJC_IMPLICIT_RETAIN_SELF = YES;
				CLANG_WARN_OBJC_LITERAL_CONVERSION = YES;
				CLANG_WARN_OBJC_ROOT_CLASS = YES_ERROR;
				CLANG_WARN_QUOTED_INCLUDE_IN_FRAMEWORK_HEADER = YES;
				CLANG_WARN_RANGE_LOOP_ANALYSIS = YES;
				CLANG_WARN_STRICT_PROTOTYPES = YES;
				CLANG_WARN_SUSPICIOUS_MOVE = YES;
				CLANG_WARN_UNGUARDED_AVAILABILITY = YES_AGGRESSIVE;
				CLANG_WARN_UNREACHABLE_CODE = YES;
				CLANG_WARN__DUPLICATE_METHOD_MATCH = YES;
				COPY_PHASE_STRIP = NO;
				DEBUG_INFORMATION_FORMAT = "dwarf-with-dsym";
				ENABLE_NS_ASSERTIONS = NO;
				ENABLE_STRICT_OBJC_MSGSEND = YES;
				ENABLE_USER_SCRIPT_SANDBOXING = YES;
				GCC_C_LANGUAGE_STANDARD = gnu17;
				GCC_NO_COMMON_BLOCKS = YES;
				GCC_WARN_64_TO_32_BIT_CONVERSION = YES;
				GCC_WARN_ABOUT_RETURN_TYPE = YES_ERROR;
				GCC_WARN_UNDECLARED_SELECTOR = YES;
				GCC_WARN_UNINITIALIZED_AUTOS = YES_AGGRESSIVE;
				GCC_WARN_UNUSED_FUNCTION = YES;
				GCC_WARN_UNUSED_VARIABLE = YES;
				IPHONEOS_DEPLOYMENT_TARGET = 18.2;
				LOCALIZATION_PREFERS_STRING_CATALOGS = YES;
				MTL_ENABLE_DEBUG_INFO = NO;
				MTL_FAST_MATH = YES;
				SDKROOT = iphoneos;
				SWIFT_COMPILATION_MODE = wholemodule;
				VALIDATE_PRODUCT = YES;
			};
			name = Release;
		};
		A14ED6222D76553500EB52B8 /* Debug */ = {
			isa = XCBuildConfiguration;
			buildSettings = {
				ASSETCATALOG_COMPILER_APPICON_NAME = AppIcon;
				ASSETCATALOG_COMPILER_GLOBAL_ACCENT_COLOR_NAME = AccentColor;
				CODE_SIGN_STYLE = Automatic;
				CURRENT_PROJECT_VERSION = 1;
				DEVELOPMENT_ASSET_PATHS = "\"SwiftyDiaryDemo/Preview Content\"";
				DEVELOPMENT_TEAM = 59XYW74885;
				ENABLE_PREVIEWS = YES;
				GENERATE_INFOPLIST_FILE = YES;
				INFOPLIST_KEY_UIApplicationSceneManifest_Generation = YES;
				INFOPLIST_KEY_UIApplicationSupportsIndirectInputEvents = YES;
				INFOPLIST_KEY_UILaunchScreen_Generation = YES;
				INFOPLIST_KEY_UISupportedInterfaceOrientations_iPad = "UIInterfaceOrientationPortrait UIInterfaceOrientationPortraitUpsideDown UIInterfaceOrientationLandscapeLeft UIInterfaceOrientationLandscapeRight";
				INFOPLIST_KEY_UISupportedInterfaceOrientations_iPhone = "UIInterfaceOrientationPortrait UIInterfaceOrientationLandscapeLeft UIInterfaceOrientationLandscapeRight";
				LD_RUNPATH_SEARCH_PATHS = (
					"$(inherited)",
					"@executable_path/Frameworks",
				);
				MARKETING_VERSION = 1.0;
				PRODUCT_BUNDLE_IDENTIFIER = com.withnico.SwiftyDiaryDemo;
				PRODUCT_NAME = "$(TARGET_NAME)";
				SWIFT_EMIT_LOC_STRINGS = YES;
				SWIFT_VERSION = 5.0;
				TARGETED_DEVICE_FAMILY = "1,2";
			};
			name = Debug;
		};
		A14ED6232D76553500EB52B8 /* Release */ = {
			isa = XCBuildConfiguration;
			buildSettings = {
				ASSETCATALOG_COMPILER_APPICON_NAME = AppIcon;
				ASSETCATALOG_COMPILER_GLOBAL_ACCENT_COLOR_NAME = AccentColor;
				CODE_SIGN_STYLE = Automatic;
				CURRENT_PROJECT_VERSION = 1;
				DEVELOPMENT_ASSET_PATHS = "\"SwiftyDiaryDemo/Preview Content\"";
				DEVELOPMENT_TEAM = 59XYW74885;
				ENABLE_PREVIEWS = YES;
				GENERATE_INFOPLIST_FILE = YES;
				INFOPLIST_KEY_UIApplicationSceneManifest_Generation = YES;
				INFOPLIST_KEY_UIApplicationSupportsIndirectInputEvents = YES;
				INFOPLIST_KEY_UILaunchScreen_Generation = YES;
				INFOPLIST_KEY_UISupportedInterfaceOrientations_iPad = "UIInterfaceOrientationPortrait UIInterfaceOrientationPortraitUpsideDown UIInterfaceOrientationLandscapeLeft UIInterfaceOrientationLandscapeRight";
				INFOPLIST_KEY_UISupportedInterfaceOrientations_iPhone = "UIInterfaceOrientationPortrait UIInterfaceOrientationLandscapeLeft UIInterfaceOrientationLandscapeRight";
				LD_RUNPATH_SEARCH_PATHS = (
					"$(inherited)",
					"@executable_path/Frameworks",
				);
				MARKETING_VERSION = 1.0;
				PRODUCT_BUNDLE_IDENTIFIER = com.withnico.SwiftyDiaryDemo;
				PRODUCT_NAME = "$(TARGET_NAME)";
				SWIFT_EMIT_LOC_STRINGS = YES;
				SWIFT_VERSION = 5.0;
				TARGETED_DEVICE_FAMILY = "1,2";
			};
			name = Release;
		};
		A14ED6252D76553500EB52B8 /* Debug */ = {
			isa = XCBuildConfiguration;
			buildSettings = {
				BUNDLE_LOADER = "$(TEST_HOST)";
				CODE_SIGN_STYLE = Automatic;
				CURRENT_PROJECT_VERSION = 1;
				DEVELOPMENT_TEAM = 59XYW74885;
				GENERATE_INFOPLIST_FILE = YES;
				IPHONEOS_DEPLOYMENT_TARGET = 18.2;
				MARKETING_VERSION = 1.0;
				PRODUCT_BUNDLE_IDENTIFIER = com.withnico.SwiftyDiaryDemoTests;
				PRODUCT_NAME = "$(TARGET_NAME)";
				SWIFT_EMIT_LOC_STRINGS = NO;
				SWIFT_VERSION = 5.0;
				TARGETED_DEVICE_FAMILY = "1,2";
				TEST_HOST = "$(BUILT_PRODUCTS_DIR)/SwiftyDiaryDemo.app/$(BUNDLE_EXECUTABLE_FOLDER_PATH)/SwiftyDiaryDemo";
			};
			name = Debug;
		};
		A14ED6262D76553500EB52B8 /* Release */ = {
			isa = XCBuildConfiguration;
			buildSettings = {
				BUNDLE_LOADER = "$(TEST_HOST)";
				CODE_SIGN_STYLE = Automatic;
				CURRENT_PROJECT_VERSION = 1;
				DEVELOPMENT_TEAM = 59XYW74885;
				GENERATE_INFOPLIST_FILE = YES;
				IPHONEOS_DEPLOYMENT_TARGET = 18.2;
				MARKETING_VERSION = 1.0;
				PRODUCT_BUNDLE_IDENTIFIER = com.withnico.SwiftyDiaryDemoTests;
				PRODUCT_NAME = "$(TARGET_NAME)";
				SWIFT_EMIT_LOC_STRINGS = NO;
				SWIFT_VERSION = 5.0;
				TARGETED_DEVICE_FAMILY = "1,2";
				TEST_HOST = "$(BUILT_PRODUCTS_DIR)/SwiftyDiaryDemo.app/$(BUNDLE_EXECUTABLE_FOLDER_PATH)/SwiftyDiaryDemo";
			};
			name = Release;
		};
		A14ED6282D76553500EB52B8 /* Debug */ = {
			isa = XCBuildConfiguration;
			buildSettings = {
				CODE_SIGN_STYLE = Automatic;
				CURRENT_PROJECT_VERSION = 1;
				DEVELOPMENT_TEAM = 59XYW74885;
				GENERATE_INFOPLIST_FILE = YES;
				MARKETING_VERSION = 1.0;
				PRODUCT_BUNDLE_IDENTIFIER = com.withnico.SwiftyDiaryDemoUITests;
				PRODUCT_NAME = "$(TARGET_NAME)";
				SWIFT_EMIT_LOC_STRINGS = NO;
				SWIFT_VERSION = 5.0;
				TARGETED_DEVICE_FAMILY = "1,2";
				TEST_TARGET_NAME = SwiftyDiaryDemo;
			};
			name = Debug;
		};
		A14ED6292D76553500EB52B8 /* Release */ = {
			isa = XCBuildConfiguration;
			buildSettings = {
				CODE_SIGN_STYLE = Automatic;
				CURRENT_PROJECT_VERSION = 1;
				DEVELOPMENT_TEAM = 59XYW74885;
				GENERATE_INFOPLIST_FILE = YES;
				MARKETING_VERSION = 1.0;
				PRODUCT_BUNDLE_IDENTIFIER = com.withnico.SwiftyDiaryDemoUITests;
				PRODUCT_NAME = "$(TARGET_NAME)";
				SWIFT_EMIT_LOC_STRINGS = NO;
				SWIFT_VERSION = 5.0;
				TARGETED_DEVICE_FAMILY = "1,2";
				TEST_TARGET_NAME = SwiftyDiaryDemo;
			};
			name = Release;
		};
/* End XCBuildConfiguration section */

/* Begin XCConfigurationList section */
		A14ED5F82D76553400EB52B8 /* Build configuration list for PBXProject "SwiftyDiaryDemo" */ = {
			isa = XCConfigurationList;
			buildConfigurations = (
				A14ED61F2D76553500EB52B8 /* Debug */,
				A14ED6202D76553500EB52B8 /* Release */,
			);
			defaultConfigurationIsVisible = 0;
			defaultConfigurationName = Release;
		};
		A14ED6212D76553500EB52B8 /* Build configuration list for PBXNativeTarget "SwiftyDiaryDemo" */ = {
			isa = XCConfigurationList;
			buildConfigurations = (
				A14ED6222D76553500EB52B8 /* Debug */,
				A14ED6232D76553500EB52B8 /* Release */,
			);
			defaultConfigurationIsVisible = 0;
			defaultConfigurationName = Release;
		};
		A14ED6242D76553500EB52B8 /* Build configuration list for PBXNativeTarget "SwiftyDiaryDemoTests" */ = {
			isa = XCConfigurationList;
			buildConfigurations = (
				A14ED6252D76553500EB52B8 /* Debug */,
				A14ED6262D76553500EB52B8 /* Release */,
			);
			defaultConfigurationIsVisible = 0;
			defaultConfigurationName = Release;
		};
		A14ED6272D76553500EB52B8 /* Build configuration list for PBXNativeTarget "SwiftyDiaryDemoUITests" */ = {
			isa = XCConfigurationList;
			buildConfigurations = (
				A14ED6282D76553500EB52B8 /* Debug */,
				A14ED6292D76553500EB52B8 /* Release */,
			);
			defaultConfigurationIsVisible = 0;
			defaultConfigurationName = Release;
		};
/* End XCConfigurationList section */
	};
	rootObject = A14ED5F52D76553400EB52B8 /* Project object */;
}
